
Microsoft Visual Studio Solution File, Format Version 12.00
# Visual Studio Version 16
VisualStudioVersion = 25.0.1703.8
MinimumVisualStudioVersion = 10.0.40219.1
Project("{FAE04EC0-301F-11D3-BF4B-00C04F79EFBC}") = "Company.Product.Client", "Company.Product.Client\Company.Product.Client.csproj", "{1841C563-85F9-4EA1-A3A7-4CDF3A421606}"
EndProject
Project("{FAE04EC0-301F-11D3-BF4B-00C04F79EFBC}") = "Company.Product.Logging", "Company.Product.Logging\Company.Product.Logging.csproj", "{F944ECAC-6034-4227-9A3F-D8821DD95E8B}"
EndProject
Project("{2150E333-8FDC-42A3-9474-1A3956D46DE8}") = "Cross-Cutting Concerns", "Cross-Cutting Concerns", "{B8004957-25C4-402E-928C-BEE03F57865C}"
EndProject
Project("{2150E333-8FDC-42A3-9474-1A3956D46DE8}") = "Data Access Layer", "Data Access Layer", "{715CEFB3-0B0D-4A6B-AF5C-7AD80816D852}"
EndProject
Project("{FAE04EC0-301F-11D3-BF4B-00C04F79EFBC}") = "Company.Product.sqlDataAccess", "Company.Product.sqlDataAccess\Company.Product.sqlDataAccess.csproj", "{86005A16-C46D-4640-BAD0-996E3819AFD7}"
EndProject
Project("{FAE04EC0-301F-11D3-BF4B-00C04F79EFBC}") = "Company.Product.Logging.Test", "Company.Product.Logging.Test\Company.Product.Logging.Tests.csproj", "{59E1AE11-231A-41AA-9EA2-D82D2B9AB7C2}"
EndProject
Global
	GlobalSection(SolutionConfigurationPlatforms) = preSolution
		Debug|Any CPU = Debug|Any CPU
		Release|Any CPU = Release|Any CPU
	EndGlobalSection
	GlobalSection(ProjectConfigurationPlatforms) = postSolution
		{1841C563-85F9-4EA1-A3A7-4CDF3A421606}.Debug|Any CPU.ActiveCfg = Debug|Any CPU
		{1841C563-85F9-4EA1-A3A7-4CDF3A421606}.Debug|Any CPU.Build.0 = Debug|Any CPU
		{1841C563-85F9-4EA1-A3A7-4CDF3A421606}.Release|Any CPU.ActiveCfg = Release|Any CPU
		{1841C563-85F9-4EA1-A3A7-4CDF3A421606}.Release|Any CPU.Build.0 = Release|Any CPU
		{F944ECAC-6034-4227-9A3F-D8821DD95E8B}.Debug|Any CPU.ActiveCfg = Debug|Any CPU
		{F944ECAC-6034-4227-9A3F-D8821DD95E8B}.Debug|Any CPU.Build.0 = Debug|Any CPU
		{F944ECAC-6034-4227-9A3F-D8821DD95E8B}.Release|Any CPU.ActiveCfg = Release|Any CPU
		{F944ECAC-6034-4227-9A3F-D8821DD95E8B}.Release|Any CPU.Build.0 = Release|Any CPU
		{86005A16-C46D-4640-BAD0-996E3819AFD7}.Debug|Any CPU.ActiveCfg = Debug|Any CPU
		{86005A16-C46D-4640-BAD0-996E3819AFD7}.Debug|Any CPU.Build.0 = Debug|Any CPU
		{86005A16-C46D-4640-BAD0-996E3819AFD7}.Release|Any CPU.ActiveCfg = Release|Any CPU
		{86005A16-C46D-4640-BAD0-996E3819AFD7}.Release|Any CPU.Build.0 = Release|Any CPU
		{59E1AE11-231A-41AA-9EA2-D82D2B9AB7C2}.Debug|Any CPU.ActiveCfg = Debug|Any CPU
		{59E1AE11-231A-41AA-9EA2-D82D2B9AB7C2}.Debug|Any CPU.Build.0 = Debug|Any CPU
		{59E1AE11-231A-41AA-9EA2-D82D2B9AB7C2}.Release|Any CPU.ActiveCfg = Release|Any CPU
		{59E1AE11-231A-41AA-9EA2-D82D2B9AB7C2}.Release|Any CPU.Build.0 = Release|Any CPU
	EndGlobalSection
	GlobalSection(SolutionProperties) = preSolution
		HideSolutionNode = FALSE
	EndGlobalSection
	GlobalSection(ExtensibilityGlobals) = postSolution
		SolutionGuid = {926B20A3-AAB6-4EDE-BCB1-DB3455DB4436}
	EndGlobalSection
	GlobalSection(NestedProjects) = preSolution
		{F944ECAC-6034-4227-9A3F-D8821DD95E8B} = {B8004957-25C4-402E-928C-BEE03F57865C}
		{86005A16-C46D-4640-BAD0-996E3819AFD7} = {715CEFB3-0B0D-4A6B-AF5C-7AD80816D852}
		{59E1AE11-231A-41AA-9EA2-D82D2B9AB7C2} = {722D6DB9-5163-47A1-8416-5858C379557B}
		{1841C563-85F9-4EA1-A3A7-4CDF3A421606} = {AB2F0A4E-C926-4EED-9E67-655BAACCFA5B}
	EndGlobalSection
EndGlobal
