
Microsoft Visual Studio Solution File, Format Version 12.00
# Visual Studio Version 17
VisualStudioVersion = 17.3.32929.385
MinimumVisualStudioVersion = 10.0.40219.1
Project("{FAE04EC0-301F-11D3-BF4B-00C04F79EFBC}") = "HAGSJP.WeCasa.Registration", "HAGSJP.WeCasa.Registration\HAGSJP.WeCasa.Registration.csproj", "{9FEE0506-89A4-41D7-9120-23B0746D1D0F}"
EndProject
Global
	GlobalSection(SolutionConfigurationPlatforms) = preSolution
		Debug|Any CPU = Debug|Any CPU
		Release|Any CPU = Release|Any CPU
	EndGlobalSection
	GlobalSection(ProjectConfigurationPlatforms) = postSolution
		{9FEE0506-89A4-41D7-9120-23B0746D1D0F}.Debug|Any CPU.ActiveCfg = Debug|Any CPU
		{9FEE0506-89A4-41D7-9120-23B0746D1D0F}.Debug|Any CPU.Build.0 = Debug|Any CPU
		{9FEE0506-89A4-41D7-9120-23B0746D1D0F}.Release|Any CPU.ActiveCfg = Release|Any CPU
		{9FEE0506-89A4-41D7-9120-23B0746D1D0F}.Release|Any CPU.Build.0 = Release|Any CPU
	EndGlobalSection
	GlobalSection(SolutionProperties) = preSolution
		HideSolutionNode = FALSE
	EndGlobalSection
	GlobalSection(ExtensibilityGlobals) = postSolution
		SolutionGuid = {CE5AE0C5-157F-4FFF-BEAC-9FABB831147B}
	EndGlobalSection
EndGlobal
