
Microsoft Visual Studio Solution File, Format Version 12.00
# Visual Studio Version 17
VisualStudioVersion = 17.3.32929.385
MinimumVisualStudioVersion = 10.0.40219.1
Project("{FAE04EC0-301F-11D3-BF4B-00C04F79EFBC}") = "HAGSJP.WeCasa.Client", "HAGSJP.WeCasa.Client\HAGSJP.WeCasa.Client.csproj", "{7C38D9C9-647A-466D-A6EA-C7B079384D7C}"
EndProject
Project("{FAE04EC0-301F-11D3-BF4B-00C04F79EFBC}") = "HAGSJP.WeCasa.Logging", "HAGSJP.WeCasa.Logging\HAGSJP.WeCasa.Logging.csproj", "{1C26024F-2763-4DB6-939C-65A030BB7231}"
EndProject
Global
	GlobalSection(SolutionConfigurationPlatforms) = preSolution
		Debug|Any CPU = Debug|Any CPU
		Release|Any CPU = Release|Any CPU
	EndGlobalSection
	GlobalSection(ProjectConfigurationPlatforms) = postSolution
		{7C38D9C9-647A-466D-A6EA-C7B079384D7C}.Debug|Any CPU.ActiveCfg = Debug|Any CPU
		{7C38D9C9-647A-466D-A6EA-C7B079384D7C}.Debug|Any CPU.Build.0 = Debug|Any CPU
		{7C38D9C9-647A-466D-A6EA-C7B079384D7C}.Release|Any CPU.ActiveCfg = Release|Any CPU
		{7C38D9C9-647A-466D-A6EA-C7B079384D7C}.Release|Any CPU.Build.0 = Release|Any CPU
		{1C26024F-2763-4DB6-939C-65A030BB7231}.Debug|Any CPU.ActiveCfg = Debug|Any CPU
		{1C26024F-2763-4DB6-939C-65A030BB7231}.Debug|Any CPU.Build.0 = Debug|Any CPU
		{1C26024F-2763-4DB6-939C-65A030BB7231}.Release|Any CPU.ActiveCfg = Release|Any CPU
		{1C26024F-2763-4DB6-939C-65A030BB7231}.Release|Any CPU.Build.0 = Release|Any CPU
	EndGlobalSection
	GlobalSection(SolutionProperties) = preSolution
		HideSolutionNode = FALSE
	EndGlobalSection
	GlobalSection(ExtensibilityGlobals) = postSolution
		SolutionGuid = {4CF9B329-B0CA-4467-BBB7-7C56091FF62B}
	EndGlobalSection
EndGlobal
