
Microsoft Visual Studio Solution File, Format Version 12.00
# Visual Studio Version 16
VisualStudioVersion = 25.0.1703.8
MinimumVisualStudioVersion = 10.0.40219.1
Project("{FAE04EC0-301F-11D3-BF4B-00C04F79EFBC}") = "Company.Product.Logging", "Company.Product.Logging\Company.Product.Logging.csproj", "{F944ECAC-6034-4227-9A3F-D8821DD95E8B}"
EndProject
Global
	GlobalSection(SolutionConfigurationPlatforms) = preSolution
		Debug|Any CPU = Debug|Any CPU
		Release|Any CPU = Release|Any CPU
	EndGlobalSection
	GlobalSection(ProjectConfigurationPlatforms) = postSolution
		{F944ECAC-6034-4227-9A3F-D8821DD95E8B}.Debug|Any CPU.ActiveCfg = Debug|Any CPU
		{F944ECAC-6034-4227-9A3F-D8821DD95E8B}.Debug|Any CPU.Build.0 = Debug|Any CPU
		{F944ECAC-6034-4227-9A3F-D8821DD95E8B}.Release|Any CPU.ActiveCfg = Release|Any CPU
		{F944ECAC-6034-4227-9A3F-D8821DD95E8B}.Release|Any CPU.Build.0 = Release|Any CPU
	EndGlobalSection
	GlobalSection(SolutionProperties) = preSolution
		HideSolutionNode = FALSE
	EndGlobalSection
	GlobalSection(ExtensibilityGlobals) = postSolution
		SolutionGuid = {926B20A3-AAB6-4EDE-BCB1-DB3455DB4436}
	EndGlobalSection
	GlobalSection(NestedProjects) = preSolution
		{F944ECAC-6034-4227-9A3F-D8821DD95E8B} = {B8004957-25C4-402E-928C-BEE03F57865C}
	EndGlobalSection
EndGlobal
