
Microsoft Visual Studio Solution File, Format Version 12.00
# Visual Studio Version 16
VisualStudioVersion = 25.0.1703.8
MinimumVisualStudioVersion = 10.0.40219.1
Project("{FAE04EC0-301F-11D3-BF4B-00C04F79EFBC}") = "Company.Product.Client", "Company.Product.Client\Company.Product.Client.csproj", "{1841C563-85F9-4EA1-A3A7-4CDF3A421606}"
EndProject
Global
	GlobalSection(SolutionConfigurationPlatforms) = preSolution
		Debug|Any CPU = Debug|Any CPU
		Release|Any CPU = Release|Any CPU
	EndGlobalSection
	GlobalSection(ProjectConfigurationPlatforms) = postSolution
		{1841C563-85F9-4EA1-A3A7-4CDF3A421606}.Debug|Any CPU.ActiveCfg = Debug|Any CPU
		{1841C563-85F9-4EA1-A3A7-4CDF3A421606}.Debug|Any CPU.Build.0 = Debug|Any CPU
		{1841C563-85F9-4EA1-A3A7-4CDF3A421606}.Release|Any CPU.ActiveCfg = Release|Any CPU
		{1841C563-85F9-4EA1-A3A7-4CDF3A421606}.Release|Any CPU.Build.0 = Release|Any CPU
	EndGlobalSection
	GlobalSection(SolutionProperties) = preSolution
		HideSolutionNode = FALSE
	EndGlobalSection
	GlobalSection(ExtensibilityGlobals) = postSolution
		SolutionGuid = {926B20A3-AAB6-4EDE-BCB1-DB3455DB4436}
	EndGlobalSection
	GlobalSection(NestedProjects) = preSolution
		{1841C563-85F9-4EA1-A3A7-4CDF3A421606} = {AB2F0A4E-C926-4EED-9E67-655BAACCFA5B}
	EndGlobalSection
EndGlobal
