
Microsoft Visual Studio Solution File, Format Version 12.00
# Visual Studio Version 17
VisualStudioVersion = 17.3.32929.385
MinimumVisualStudioVersion = 10.0.40219.1
Project("{9A19103F-16F7-4668-BE54-9A1E7A4F7556}") = "HAGSJP.WeCasa.Client", "Clients\HAGSJP.WeCasa.Client\HAGSJP.WeCasa.Client.csproj", "{70E5C76F-E928-48EC-87A7-5692D3A55C0A}"
	ProjectSection(ProjectDependencies) = postProject
		{F0970CAD-C6FD-4148-998B-A5296DCEDC6A} = {F0970CAD-C6FD-4148-998B-A5296DCEDC6A}
	EndProjectSection
EndProject
Project("{2150E333-8FDC-42A3-9474-1A3956D46DE8}") = "Clients", "Clients", "{C196F983-EDA1-4EAD-9263-8B27F80550D9}"
EndProject
Project("{2150E333-8FDC-42A3-9474-1A3956D46DE8}") = "Cross-Cutting Concerns", "Cross-Cutting Concerns", "{D5984B1E-9AAD-4C05-975A-FCBEE1A24F59}"
EndProject
Project("{9A19103F-16F7-4668-BE54-9A1E7A4F7556}") = "HAGSJP.WeCasa.Logging", "Cross-Cutting Concerns\HAGSJP.WeCasa.Logging\HAGSJP.WeCasa.Logging.csproj", "{1A4FA945-DEC1-40C3-842D-90CE9781104A}"
EndProject
Project("{2150E333-8FDC-42A3-9474-1A3956D46DE8}") = "Data Access Layer", "Data Access Layer", "{542D2567-60BF-41C5-81B9-D8E3A3557CEB}"
EndProject
Project("{9A19103F-16F7-4668-BE54-9A1E7A4F7556}") = "HAGSJP.WeCasa.sqlDataAccess", "Data Access Layer\HAGSJP.WeCasa.sqlDataAccess\HAGSJP.WeCasa.sqlDataAccess.csproj", "{E0BD7C64-BB4D-4B91-B38B-5892A71715DA}"
EndProject
Project("{2150E333-8FDC-42A3-9474-1A3956D46DE8}") = "Tests", "Tests", "{FA68C185-B42C-4FA9-8838-62444C65BA73}"
EndProject
Project("{9A19103F-16F7-4668-BE54-9A1E7A4F7556}") = "HAGSJP.WeCasa.Logging.Test", "Tests\HAGSJP.WeCasa.Logging.Test\HAGSJP.WeCasa.Logging.Test.csproj", "{ECF5BFBD-51DD-4EC9-ADD0-19AF381D6C29}"
EndProject
Project("{9A19103F-16F7-4668-BE54-9A1E7A4F7556}") = "HAGSJP.WeCasa.Models", "Models\HAGSJP.WeCasa.Models\HAGSJP.WeCasa.Models.csproj", "{8F53CA96-25B1-4387-B170-532B6D1B1B10}"
EndProject
Project("{2150E333-8FDC-42A3-9474-1A3956D46DE8}") = "Models", "Models", "{EC72378E-30B5-481A-818C-43CE2B0F520C}"
EndProject
Project("{9A19103F-16F7-4668-BE54-9A1E7A4F7556}") = "HAGSJP.WeCasa.Registration.Test", "Tests\HAGSJP.WeCasa.Registration.Test\HAGSJP.WeCasa.Registration.Test.csproj", "{131CD808-F39E-4C52-AED4-8FF02782B57B}"
EndProject
Project("{2150E333-8FDC-42A3-9474-1A3956D46DE8}") = "Services", "Services", "{ED6EFEDA-C3B5-40C9-9B5E-EC1FD4A260AD}"
EndProject
Project("{9A19103F-16F7-4668-BE54-9A1E7A4F7556}") = "HAGSJP.WeCasa.Services", "Services\HAGSJP.WeCasa.Services\HAGSJP.WeCasa.Services.csproj", "{F0970CAD-C6FD-4148-998B-A5296DCEDC6A}"
	ProjectSection(ProjectDependencies) = postProject
		{1A4FA945-DEC1-40C3-842D-90CE9781104A} = {1A4FA945-DEC1-40C3-842D-90CE9781104A}
		{8F53CA96-25B1-4387-B170-532B6D1B1B10} = {8F53CA96-25B1-4387-B170-532B6D1B1B10}
		{E0BD7C64-BB4D-4B91-B38B-5892A71715DA} = {E0BD7C64-BB4D-4B91-B38B-5892A71715DA}
	EndProjectSection
EndProject
Project("{9A19103F-16F7-4668-BE54-9A1E7A4F7556}") = "HAGSJP.WeCasa.Authentication.Test", "Tests\HAGSJP.WeCasa.Authentication.Test\HAGSJP.WeCasa.Authentication.Test.csproj", "{57BACD13-CB3E-4DD6-B19A-C8D632929E42}"
EndProject
Project("{9A19103F-16F7-4668-BE54-9A1E7A4F7556}") = "HAGSJP.WeCasa.Authorization.Test", "Tests\HAGSJP.WeCasa.Authorization.Test\HAGSJP.WeCasa.Authorization.Test.csproj", "{8F9C36F5-06E9-4C2B-91A4-5E91EE5405DB}"
EndProject
Project("{2150E333-8FDC-42A3-9474-1A3956D46DE8}") = "Frontend", "Frontend", "{7B12BBB6-DEBA-49C3-94B8-93310D37F25F}"
EndProject
Project("{FAE04EC0-301F-11D3-BF4B-00C04F79EFBC}") = "HAGSJP.WeCasa.Frontend", "Frontend\HAGSJP.WeCasa.Frontend\HAGSJP.WeCasa.Frontend.csproj", "{DA12407B-882C-4998-B0DD-4EB2300FDABD}"
EndProject
Global
	GlobalSection(SolutionConfigurationPlatforms) = preSolution
		Debug|Any CPU = Debug|Any CPU
		Debug|x64 = Debug|x64
		Debug|x86 = Debug|x86
		Release|Any CPU = Release|Any CPU
		Release|x64 = Release|x64
		Release|x86 = Release|x86
	EndGlobalSection
	GlobalSection(ProjectConfigurationPlatforms) = postSolution
		{70E5C76F-E928-48EC-87A7-5692D3A55C0A}.Debug|Any CPU.ActiveCfg = Debug|Any CPU
		{70E5C76F-E928-48EC-87A7-5692D3A55C0A}.Debug|Any CPU.Build.0 = Debug|Any CPU
		{70E5C76F-E928-48EC-87A7-5692D3A55C0A}.Debug|x64.ActiveCfg = Debug|Any CPU
		{70E5C76F-E928-48EC-87A7-5692D3A55C0A}.Debug|x64.Build.0 = Debug|Any CPU
		{70E5C76F-E928-48EC-87A7-5692D3A55C0A}.Debug|x86.ActiveCfg = Debug|Any CPU
		{70E5C76F-E928-48EC-87A7-5692D3A55C0A}.Debug|x86.Build.0 = Debug|Any CPU
		{70E5C76F-E928-48EC-87A7-5692D3A55C0A}.Release|Any CPU.ActiveCfg = Release|Any CPU
		{70E5C76F-E928-48EC-87A7-5692D3A55C0A}.Release|Any CPU.Build.0 = Release|Any CPU
		{70E5C76F-E928-48EC-87A7-5692D3A55C0A}.Release|x64.ActiveCfg = Release|Any CPU
		{70E5C76F-E928-48EC-87A7-5692D3A55C0A}.Release|x64.Build.0 = Release|Any CPU
		{70E5C76F-E928-48EC-87A7-5692D3A55C0A}.Release|x86.ActiveCfg = Release|Any CPU
		{70E5C76F-E928-48EC-87A7-5692D3A55C0A}.Release|x86.Build.0 = Release|Any CPU
		{1A4FA945-DEC1-40C3-842D-90CE9781104A}.Debug|Any CPU.ActiveCfg = Debug|Any CPU
		{1A4FA945-DEC1-40C3-842D-90CE9781104A}.Debug|Any CPU.Build.0 = Debug|Any CPU
		{1A4FA945-DEC1-40C3-842D-90CE9781104A}.Debug|x64.ActiveCfg = Debug|Any CPU
		{1A4FA945-DEC1-40C3-842D-90CE9781104A}.Debug|x64.Build.0 = Debug|Any CPU
		{1A4FA945-DEC1-40C3-842D-90CE9781104A}.Debug|x86.ActiveCfg = Debug|Any CPU
		{1A4FA945-DEC1-40C3-842D-90CE9781104A}.Debug|x86.Build.0 = Debug|Any CPU
		{1A4FA945-DEC1-40C3-842D-90CE9781104A}.Release|Any CPU.ActiveCfg = Release|Any CPU
		{1A4FA945-DEC1-40C3-842D-90CE9781104A}.Release|Any CPU.Build.0 = Release|Any CPU
		{1A4FA945-DEC1-40C3-842D-90CE9781104A}.Release|x64.ActiveCfg = Release|Any CPU
		{1A4FA945-DEC1-40C3-842D-90CE9781104A}.Release|x64.Build.0 = Release|Any CPU
		{1A4FA945-DEC1-40C3-842D-90CE9781104A}.Release|x86.ActiveCfg = Release|Any CPU
		{1A4FA945-DEC1-40C3-842D-90CE9781104A}.Release|x86.Build.0 = Release|Any CPU
		{E0BD7C64-BB4D-4B91-B38B-5892A71715DA}.Debug|Any CPU.ActiveCfg = Debug|Any CPU
		{E0BD7C64-BB4D-4B91-B38B-5892A71715DA}.Debug|Any CPU.Build.0 = Debug|Any CPU
		{E0BD7C64-BB4D-4B91-B38B-5892A71715DA}.Debug|x64.ActiveCfg = Debug|Any CPU
		{E0BD7C64-BB4D-4B91-B38B-5892A71715DA}.Debug|x64.Build.0 = Debug|Any CPU
		{E0BD7C64-BB4D-4B91-B38B-5892A71715DA}.Debug|x86.ActiveCfg = Debug|Any CPU
		{E0BD7C64-BB4D-4B91-B38B-5892A71715DA}.Debug|x86.Build.0 = Debug|Any CPU
		{E0BD7C64-BB4D-4B91-B38B-5892A71715DA}.Release|Any CPU.ActiveCfg = Release|Any CPU
		{E0BD7C64-BB4D-4B91-B38B-5892A71715DA}.Release|Any CPU.Build.0 = Release|Any CPU
		{E0BD7C64-BB4D-4B91-B38B-5892A71715DA}.Release|x64.ActiveCfg = Release|Any CPU
		{E0BD7C64-BB4D-4B91-B38B-5892A71715DA}.Release|x64.Build.0 = Release|Any CPU
		{E0BD7C64-BB4D-4B91-B38B-5892A71715DA}.Release|x86.ActiveCfg = Release|Any CPU
		{E0BD7C64-BB4D-4B91-B38B-5892A71715DA}.Release|x86.Build.0 = Release|Any CPU
		{ECF5BFBD-51DD-4EC9-ADD0-19AF381D6C29}.Debug|Any CPU.ActiveCfg = Debug|Any CPU
		{ECF5BFBD-51DD-4EC9-ADD0-19AF381D6C29}.Debug|Any CPU.Build.0 = Debug|Any CPU
		{ECF5BFBD-51DD-4EC9-ADD0-19AF381D6C29}.Debug|x64.ActiveCfg = Debug|Any CPU
		{ECF5BFBD-51DD-4EC9-ADD0-19AF381D6C29}.Debug|x64.Build.0 = Debug|Any CPU
		{ECF5BFBD-51DD-4EC9-ADD0-19AF381D6C29}.Debug|x86.ActiveCfg = Debug|Any CPU
		{ECF5BFBD-51DD-4EC9-ADD0-19AF381D6C29}.Debug|x86.Build.0 = Debug|Any CPU
		{ECF5BFBD-51DD-4EC9-ADD0-19AF381D6C29}.Release|Any CPU.ActiveCfg = Release|Any CPU
		{ECF5BFBD-51DD-4EC9-ADD0-19AF381D6C29}.Release|Any CPU.Build.0 = Release|Any CPU
		{ECF5BFBD-51DD-4EC9-ADD0-19AF381D6C29}.Release|x64.ActiveCfg = Release|Any CPU
		{ECF5BFBD-51DD-4EC9-ADD0-19AF381D6C29}.Release|x64.Build.0 = Release|Any CPU
		{ECF5BFBD-51DD-4EC9-ADD0-19AF381D6C29}.Release|x86.ActiveCfg = Release|Any CPU
		{ECF5BFBD-51DD-4EC9-ADD0-19AF381D6C29}.Release|x86.Build.0 = Release|Any CPU
		{8F53CA96-25B1-4387-B170-532B6D1B1B10}.Debug|Any CPU.ActiveCfg = Debug|Any CPU
		{8F53CA96-25B1-4387-B170-532B6D1B1B10}.Debug|Any CPU.Build.0 = Debug|Any CPU
		{8F53CA96-25B1-4387-B170-532B6D1B1B10}.Debug|x64.ActiveCfg = Debug|Any CPU
		{8F53CA96-25B1-4387-B170-532B6D1B1B10}.Debug|x64.Build.0 = Debug|Any CPU
		{8F53CA96-25B1-4387-B170-532B6D1B1B10}.Debug|x86.ActiveCfg = Debug|Any CPU
		{8F53CA96-25B1-4387-B170-532B6D1B1B10}.Debug|x86.Build.0 = Debug|Any CPU
		{8F53CA96-25B1-4387-B170-532B6D1B1B10}.Release|Any CPU.ActiveCfg = Release|Any CPU
		{8F53CA96-25B1-4387-B170-532B6D1B1B10}.Release|Any CPU.Build.0 = Release|Any CPU
		{8F53CA96-25B1-4387-B170-532B6D1B1B10}.Release|x64.ActiveCfg = Release|Any CPU
		{8F53CA96-25B1-4387-B170-532B6D1B1B10}.Release|x64.Build.0 = Release|Any CPU
		{8F53CA96-25B1-4387-B170-532B6D1B1B10}.Release|x86.ActiveCfg = Release|Any CPU
		{8F53CA96-25B1-4387-B170-532B6D1B1B10}.Release|x86.Build.0 = Release|Any CPU
		{131CD808-F39E-4C52-AED4-8FF02782B57B}.Debug|Any CPU.ActiveCfg = Debug|Any CPU
		{131CD808-F39E-4C52-AED4-8FF02782B57B}.Debug|Any CPU.Build.0 = Debug|Any CPU
		{131CD808-F39E-4C52-AED4-8FF02782B57B}.Debug|x64.ActiveCfg = Debug|Any CPU
		{131CD808-F39E-4C52-AED4-8FF02782B57B}.Debug|x64.Build.0 = Debug|Any CPU
		{131CD808-F39E-4C52-AED4-8FF02782B57B}.Debug|x86.ActiveCfg = Debug|Any CPU
		{131CD808-F39E-4C52-AED4-8FF02782B57B}.Debug|x86.Build.0 = Debug|Any CPU
		{131CD808-F39E-4C52-AED4-8FF02782B57B}.Release|Any CPU.ActiveCfg = Release|Any CPU
		{131CD808-F39E-4C52-AED4-8FF02782B57B}.Release|Any CPU.Build.0 = Release|Any CPU
		{131CD808-F39E-4C52-AED4-8FF02782B57B}.Release|x64.ActiveCfg = Release|Any CPU
		{131CD808-F39E-4C52-AED4-8FF02782B57B}.Release|x64.Build.0 = Release|Any CPU
		{131CD808-F39E-4C52-AED4-8FF02782B57B}.Release|x86.ActiveCfg = Release|Any CPU
		{131CD808-F39E-4C52-AED4-8FF02782B57B}.Release|x86.Build.0 = Release|Any CPU
		{F0970CAD-C6FD-4148-998B-A5296DCEDC6A}.Debug|Any CPU.ActiveCfg = Debug|Any CPU
		{F0970CAD-C6FD-4148-998B-A5296DCEDC6A}.Debug|Any CPU.Build.0 = Debug|Any CPU
		{F0970CAD-C6FD-4148-998B-A5296DCEDC6A}.Debug|x64.ActiveCfg = Debug|Any CPU
		{F0970CAD-C6FD-4148-998B-A5296DCEDC6A}.Debug|x64.Build.0 = Debug|Any CPU
		{F0970CAD-C6FD-4148-998B-A5296DCEDC6A}.Debug|x86.ActiveCfg = Debug|Any CPU
		{F0970CAD-C6FD-4148-998B-A5296DCEDC6A}.Debug|x86.Build.0 = Debug|Any CPU
		{F0970CAD-C6FD-4148-998B-A5296DCEDC6A}.Release|Any CPU.ActiveCfg = Release|Any CPU
		{F0970CAD-C6FD-4148-998B-A5296DCEDC6A}.Release|Any CPU.Build.0 = Release|Any CPU
		{F0970CAD-C6FD-4148-998B-A5296DCEDC6A}.Release|x64.ActiveCfg = Release|Any CPU
		{F0970CAD-C6FD-4148-998B-A5296DCEDC6A}.Release|x64.Build.0 = Release|Any CPU
		{F0970CAD-C6FD-4148-998B-A5296DCEDC6A}.Release|x86.ActiveCfg = Release|Any CPU
		{F0970CAD-C6FD-4148-998B-A5296DCEDC6A}.Release|x86.Build.0 = Release|Any CPU
		{57BACD13-CB3E-4DD6-B19A-C8D632929E42}.Debug|Any CPU.ActiveCfg = Debug|Any CPU
		{57BACD13-CB3E-4DD6-B19A-C8D632929E42}.Debug|Any CPU.Build.0 = Debug|Any CPU
		{57BACD13-CB3E-4DD6-B19A-C8D632929E42}.Debug|x64.ActiveCfg = Debug|Any CPU
		{57BACD13-CB3E-4DD6-B19A-C8D632929E42}.Debug|x64.Build.0 = Debug|Any CPU
		{57BACD13-CB3E-4DD6-B19A-C8D632929E42}.Debug|x86.ActiveCfg = Debug|Any CPU
		{57BACD13-CB3E-4DD6-B19A-C8D632929E42}.Debug|x86.Build.0 = Debug|Any CPU
		{57BACD13-CB3E-4DD6-B19A-C8D632929E42}.Release|Any CPU.ActiveCfg = Release|Any CPU
		{57BACD13-CB3E-4DD6-B19A-C8D632929E42}.Release|Any CPU.Build.0 = Release|Any CPU
		{57BACD13-CB3E-4DD6-B19A-C8D632929E42}.Release|x64.ActiveCfg = Release|Any CPU
		{57BACD13-CB3E-4DD6-B19A-C8D632929E42}.Release|x64.Build.0 = Release|Any CPU
		{57BACD13-CB3E-4DD6-B19A-C8D632929E42}.Release|x86.ActiveCfg = Release|Any CPU
		{57BACD13-CB3E-4DD6-B19A-C8D632929E42}.Release|x86.Build.0 = Release|Any CPU
		{8F9C36F5-06E9-4C2B-91A4-5E91EE5405DB}.Debug|Any CPU.ActiveCfg = Debug|Any CPU
		{8F9C36F5-06E9-4C2B-91A4-5E91EE5405DB}.Debug|Any CPU.Build.0 = Debug|Any CPU
		{8F9C36F5-06E9-4C2B-91A4-5E91EE5405DB}.Debug|x64.ActiveCfg = Debug|Any CPU
		{8F9C36F5-06E9-4C2B-91A4-5E91EE5405DB}.Debug|x64.Build.0 = Debug|Any CPU
		{8F9C36F5-06E9-4C2B-91A4-5E91EE5405DB}.Debug|x86.ActiveCfg = Debug|Any CPU
		{8F9C36F5-06E9-4C2B-91A4-5E91EE5405DB}.Debug|x86.Build.0 = Debug|Any CPU
		{8F9C36F5-06E9-4C2B-91A4-5E91EE5405DB}.Release|Any CPU.ActiveCfg = Release|Any CPU
		{8F9C36F5-06E9-4C2B-91A4-5E91EE5405DB}.Release|Any CPU.Build.0 = Release|Any CPU
		{8F9C36F5-06E9-4C2B-91A4-5E91EE5405DB}.Release|x64.ActiveCfg = Release|Any CPU
		{8F9C36F5-06E9-4C2B-91A4-5E91EE5405DB}.Release|x64.Build.0 = Release|Any CPU
		{8F9C36F5-06E9-4C2B-91A4-5E91EE5405DB}.Release|x86.ActiveCfg = Release|Any CPU
		{8F9C36F5-06E9-4C2B-91A4-5E91EE5405DB}.Release|x86.Build.0 = Release|Any CPU
		{14EC60AD-6D11-40CB-AD63-6A4289C578E4}.Debug|Any CPU.ActiveCfg = Debug|Any CPU
		{14EC60AD-6D11-40CB-AD63-6A4289C578E4}.Debug|Any CPU.Build.0 = Debug|Any CPU
		{14EC60AD-6D11-40CB-AD63-6A4289C578E4}.Debug|x64.ActiveCfg = Debug|Any CPU
		{14EC60AD-6D11-40CB-AD63-6A4289C578E4}.Debug|x64.Build.0 = Debug|Any CPU
		{14EC60AD-6D11-40CB-AD63-6A4289C578E4}.Debug|x86.ActiveCfg = Debug|Any CPU
		{14EC60AD-6D11-40CB-AD63-6A4289C578E4}.Debug|x86.Build.0 = Debug|Any CPU
		{14EC60AD-6D11-40CB-AD63-6A4289C578E4}.Release|Any CPU.ActiveCfg = Release|Any CPU
		{14EC60AD-6D11-40CB-AD63-6A4289C578E4}.Release|Any CPU.Build.0 = Release|Any CPU
		{14EC60AD-6D11-40CB-AD63-6A4289C578E4}.Release|x64.ActiveCfg = Release|Any CPU
		{14EC60AD-6D11-40CB-AD63-6A4289C578E4}.Release|x64.Build.0 = Release|Any CPU
		{14EC60AD-6D11-40CB-AD63-6A4289C578E4}.Release|x86.ActiveCfg = Release|Any CPU
		{14EC60AD-6D11-40CB-AD63-6A4289C578E4}.Release|x86.Build.0 = Release|Any CPU
		{DA12407B-882C-4998-B0DD-4EB2300FDABD}.Debug|Any CPU.ActiveCfg = Debug|Any CPU
		{DA12407B-882C-4998-B0DD-4EB2300FDABD}.Debug|Any CPU.Build.0 = Debug|Any CPU
		{DA12407B-882C-4998-B0DD-4EB2300FDABD}.Debug|x64.ActiveCfg = Debug|Any CPU
		{DA12407B-882C-4998-B0DD-4EB2300FDABD}.Debug|x64.Build.0 = Debug|Any CPU
		{DA12407B-882C-4998-B0DD-4EB2300FDABD}.Debug|x86.ActiveCfg = Debug|Any CPU
		{DA12407B-882C-4998-B0DD-4EB2300FDABD}.Debug|x86.Build.0 = Debug|Any CPU
		{DA12407B-882C-4998-B0DD-4EB2300FDABD}.Release|Any CPU.ActiveCfg = Release|Any CPU
		{DA12407B-882C-4998-B0DD-4EB2300FDABD}.Release|Any CPU.Build.0 = Release|Any CPU
		{DA12407B-882C-4998-B0DD-4EB2300FDABD}.Release|x64.ActiveCfg = Release|Any CPU
		{DA12407B-882C-4998-B0DD-4EB2300FDABD}.Release|x64.Build.0 = Release|Any CPU
		{DA12407B-882C-4998-B0DD-4EB2300FDABD}.Release|x86.ActiveCfg = Release|Any CPU
		{DA12407B-882C-4998-B0DD-4EB2300FDABD}.Release|x86.Build.0 = Release|Any CPU
	EndGlobalSection
	GlobalSection(SolutionProperties) = preSolution
		HideSolutionNode = FALSE
	EndGlobalSection
	GlobalSection(NestedProjects) = preSolution
		{70E5C76F-E928-48EC-87A7-5692D3A55C0A} = {C196F983-EDA1-4EAD-9263-8B27F80550D9}
		{1A4FA945-DEC1-40C3-842D-90CE9781104A} = {D5984B1E-9AAD-4C05-975A-FCBEE1A24F59}
		{E0BD7C64-BB4D-4B91-B38B-5892A71715DA} = {542D2567-60BF-41C5-81B9-D8E3A3557CEB}
		{ECF5BFBD-51DD-4EC9-ADD0-19AF381D6C29} = {FA68C185-B42C-4FA9-8838-62444C65BA73}
		{8F53CA96-25B1-4387-B170-532B6D1B1B10} = {EC72378E-30B5-481A-818C-43CE2B0F520C}
		{131CD808-F39E-4C52-AED4-8FF02782B57B} = {FA68C185-B42C-4FA9-8838-62444C65BA73}
		{F0970CAD-C6FD-4148-998B-A5296DCEDC6A} = {ED6EFEDA-C3B5-40C9-9B5E-EC1FD4A260AD}
		{57BACD13-CB3E-4DD6-B19A-C8D632929E42} = {FA68C185-B42C-4FA9-8838-62444C65BA73}
		{8F9C36F5-06E9-4C2B-91A4-5E91EE5405DB} = {FA68C185-B42C-4FA9-8838-62444C65BA73}
		{14EC60AD-6D11-40CB-AD63-6A4289C578E4} = {7B12BBB6-DEBA-49C3-94B8-93310D37F25F}
		{DA12407B-882C-4998-B0DD-4EB2300FDABD} = {7B12BBB6-DEBA-49C3-94B8-93310D37F25F}
	EndGlobalSection
	GlobalSection(ExtensibilityGlobals) = postSolution
		SolutionGuid = {4FB761CF-DFD6-4CA0-9D7D-2C94092BB747}
	EndGlobalSection
EndGlobal
